{
  "name": "test-directory",
  "version": "1.0.0",
  "lockfileVersion": 2,
  "requires": true,
  "packages": {
    "": {
      "name": "test-directory",
      "version": "1.0.0",
      "license": "ISC",
      "dependencies": {
        "test-directory": "^1.0.1"
      }
    },
    "node_modules/@drofi/webpackproject": {
      "version": "1.0.4",
      "resolved": "https://registry.npmjs.org/@drofi/webpackproject/-/webpackproject-1.0.4.tgz",
      "integrity": "sha512-Zu1NPmqc4XDuFvO1HuBr1COU7cpmF5TU+NPyfKsT57SzNVHRU0RDRDTSvRPx3ZDJCXUbxYH7ci6oIWyAP3eDhQ==",
      "hasInstallScript": true
    },
    "node_modules/test-directory": {
      "version": "1.0.1",
      "resolved": "https://registry.npmjs.org/test-directory/-/test-directory-1.0.1.tgz",
      "integrity": "sha512-gyJo7qgMEToeUVmhecnsghraIs2bJZ6CrkSxmoN/0rwgEUgdvcOEWH1pkpn12pDT4fFCgohcJAH/OdJpvC5bmw==",
      "dependencies": {
        "@drofi/webpackproject": "^1.0.0"
      }
    }
  },
  "dependencies": {
    "@drofi/webpackproject": {
      "version": "1.0.4",
      "resolved": "https://registry.npmjs.org/@drofi/webpackproject/-/webpackproject-1.0.4.tgz",
      "integrity": "sha512-Zu1NPmqc4XDuFvO1HuBr1COU7cpmF5TU+NPyfKsT57SzNVHRU0RDRDTSvRPx3ZDJCXUbxYH7ci6oIWyAP3eDhQ=="
    },
    "test-directory": {
      "version": "1.0.1",
      "resolved": "https://registry.npmjs.org/test-directory/-/test-directory-1.0.1.tgz",
      "integrity": "sha512-gyJo7qgMEToeUVmhecnsghraIs2bJZ6CrkSxmoN/0rwgEUgdvcOEWH1pkpn12pDT4fFCgohcJAH/OdJpvC5bmw==",
      "requires": {
        "@drofi/webpackproject": "^1.0.0"
      }
    }
  }
}
